
Microsoft Visual Studio Solution File, Format Version 12.00
# Visual Studio Version 17
VisualStudioVersion = 17.4.33110.190
MinimumVisualStudioVersion = 10.0.40219.1
Project("{FAE04EC0-301F-11D3-BF4B-00C04F79EFBC}") = "EpicShopAPI", "EpicShopAPI\EpicShopAPI.csproj", "{7CDB73D8-2100-4633-A89E-B4A5F03A1795}"
EndProject
Global
	GlobalSection(SolutionConfigurationPlatforms) = preSolution
		Debug|Any CPU = Debug|Any CPU
		Release|Any CPU = Release|Any CPU
	EndGlobalSection
	GlobalSection(ProjectConfigurationPlatforms) = postSolution
		{7CDB73D8-2100-4633-A89E-B4A5F03A1795}.Debug|Any CPU.ActiveCfg = Debug|Any CPU
		{7CDB73D8-2100-4633-A89E-B4A5F03A1795}.Debug|Any CPU.Build.0 = Debug|Any CPU
		{7CDB73D8-2100-4633-A89E-B4A5F03A1795}.Release|Any CPU.ActiveCfg = Release|Any CPU
		{7CDB73D8-2100-4633-A89E-B4A5F03A1795}.Release|Any CPU.Build.0 = Release|Any CPU
	EndGlobalSection
	GlobalSection(SolutionProperties) = preSolution
		HideSolutionNode = FALSE
	EndGlobalSection
	GlobalSection(ExtensibilityGlobals) = postSolution
		SolutionGuid = {B2981906-F1CA-41E7-97D9-C8AC6C4AF79B}
	EndGlobalSection
EndGlobal
